
Microsoft Visual Studio Solution File, Format Version 12.00
# Visual Studio Version 17
VisualStudioVersion = 17.1.32319.34
MinimumVisualStudioVersion = 10.0.40219.1
Project("{FAE04EC0-301F-11D3-BF4B-00C04F79EFBC}") = "VegoCityManagment", "VegoCityManagment\VegoCityManagment.csproj", "{8BE6EEA6-C00F-45C0-BFCE-275AC941C71E}"
EndProject
Global
	GlobalSection(SolutionConfigurationPlatforms) = preSolution
		Debug|Any CPU = Debug|Any CPU
		Release|Any CPU = Release|Any CPU
	EndGlobalSection
	GlobalSection(ProjectConfigurationPlatforms) = postSolution
		{8BE6EEA6-C00F-45C0-BFCE-275AC941C71E}.Debug|Any CPU.ActiveCfg = Debug|Any CPU
		{8BE6EEA6-C00F-45C0-BFCE-275AC941C71E}.Debug|Any CPU.Build.0 = Debug|Any CPU
		{8BE6EEA6-C00F-45C0-BFCE-275AC941C71E}.Release|Any CPU.ActiveCfg = Release|Any CPU
		{8BE6EEA6-C00F-45C0-BFCE-275AC941C71E}.Release|Any CPU.Build.0 = Release|Any CPU
	EndGlobalSection
	GlobalSection(SolutionProperties) = preSolution
		HideSolutionNode = FALSE
	EndGlobalSection
	GlobalSection(ExtensibilityGlobals) = postSolution
		SolutionGuid = {14E964C7-44DF-4F7E-A473-16552B861835}
	EndGlobalSection
EndGlobal
